// !$*UTF8*$!
{
	archiveVersion = 1;
	classes = {
	};
	objectVersion = 55;
	objects = {

/* Begin PBXBuildFile section */
		D7C4A6F4280B89EB0093F764 /* TodoListSwiftUIApp.swift in Sources */ = {isa = PBXBuildFile; fileRef = D7C4A6F3280B89EB0093F764 /* TodoListSwiftUIApp.swift */; };
		D7C4A6F6280B89EB0093F764 /* ContentView.swift in Sources */ = {isa = PBXBuildFile; fileRef = D7C4A6F5280B89EB0093F764 /* ContentView.swift */; };
		D7C4A6F8280B89EC0093F764 /* Assets.xcassets in Resources */ = {isa = PBXBuildFile; fileRef = D7C4A6F7280B89EC0093F764 /* Assets.xcassets */; };
		D7C4A6FB280B89EC0093F764 /* Preview Assets.xcassets in Resources */ = {isa = PBXBuildFile; fileRef = D7C4A6FA280B89EC0093F764 /* Preview Assets.xcassets */; };
		D7C4A6FD280B89EC0093F764 /* Persistence.swift in Sources */ = {isa = PBXBuildFile; fileRef = D7C4A6FC280B89EC0093F764 /* Persistence.swift */; };
		D7C4A700280B89EC0093F764 /* TodoListSwiftUI.xcdatamodeld in Sources */ = {isa = PBXBuildFile; fileRef = D7C4A6FE280B89EC0093F764 /* TodoListSwiftUI.xcdatamodeld */; };
		D7C4A707280B8D800093F764 /* NewTaskView.swift in Sources */ = {isa = PBXBuildFile; fileRef = D7C4A706280B8D800093F764 /* NewTaskView.swift */; };
		D7C4A728280CAA940093F764 /* EditTaskView.swift in Sources */ = {isa = PBXBuildFile; fileRef = D7C4A727280CAA940093F764 /* EditTaskView.swift */; };
		D7C5D4C8280E339E00C0104B /* Priorities.swift in Sources */ = {isa = PBXBuildFile; fileRef = D7C5D4C7280E339E00C0104B /* Priorities.swift */; };
		D7C5D4D1280F6DDE00C0104B /* TaskCell.swift in Sources */ = {isa = PBXBuildFile; fileRef = D7C5D4D0280F6DDE00C0104B /* TaskCell.swift */; };
		D7C5D4D3280F727A00C0104B /* TaskDoneCell.swift in Sources */ = {isa = PBXBuildFile; fileRef = D7C5D4D2280F727A00C0104B /* TaskDoneCell.swift */; };
/* End PBXBuildFile section */

/* Begin PBXFileReference section */
		D7C4A6F0280B89EB0093F764 /* TodoListSwiftUI.app */ = {isa = PBXFileReference; explicitFileType = wrapper.application; includeInIndex = 0; path = TodoListSwiftUI.app; sourceTree = BUILT_PRODUCTS_DIR; };
		D7C4A6F3280B89EB0093F764 /* TodoListSwiftUIApp.swift */ = {isa = PBXFileReference; lastKnownFileType = sourcecode.swift; path = TodoListSwiftUIApp.swift; sourceTree = "<group>"; };
		D7C4A6F5280B89EB0093F764 /* ContentView.swift */ = {isa = PBXFileReference; lastKnownFileType = sourcecode.swift; path = ContentView.swift; sourceTree = "<group>"; };
		D7C4A6F7280B89EC0093F764 /* Assets.xcassets */ = {isa = PBXFileReference; lastKnownFileType = folder.assetcatalog; path = Assets.xcassets; sourceTree = "<group>"; };
		D7C4A6FA280B89EC0093F764 /* Preview Assets.xcassets */ = {isa = PBXFileReference; lastKnownFileType = folder.assetcatalog; path = "Preview Assets.xcassets"; sourceTree = "<group>"; };
		D7C4A6FC280B89EC0093F764 /* Persistence.swift */ = {isa = PBXFileReference; lastKnownFileType = sourcecode.swift; path = Persistence.swift; sourceTree = "<group>"; };
		D7C4A6FF280B89EC0093F764 /* TodoListSwiftUI.xcdatamodel */ = {isa = PBXFileReference; lastKnownFileType = wrapper.xcdatamodel; path = TodoListSwiftUI.xcdatamodel; sourceTree = "<group>"; };
		D7C4A706280B8D800093F764 /* NewTaskView.swift */ = {isa = PBXFileReference; lastKnownFileType = sourcecode.swift; path = NewTaskView.swift; sourceTree = "<group>"; };
		D7C4A727280CAA940093F764 /* EditTaskView.swift */ = {isa = PBXFileReference; lastKnownFileType = sourcecode.swift; path = EditTaskView.swift; sourceTree = "<group>"; };
		D7C5D4C7280E339E00C0104B /* Priorities.swift */ = {isa = PBXFileReference; lastKnownFileType = sourcecode.swift; path = Priorities.swift; sourceTree = "<group>"; };
		D7C5D4D0280F6DDE00C0104B /* TaskCell.swift */ = {isa = PBXFileReference; lastKnownFileType = sourcecode.swift; path = TaskCell.swift; sourceTree = "<group>"; };
		D7C5D4D2280F727A00C0104B /* TaskDoneCell.swift */ = {isa = PBXFileReference; lastKnownFileType = sourcecode.swift; path = TaskDoneCell.swift; sourceTree = "<group>"; };
/* End PBXFileReference section */

/* Begin PBXFrameworksBuildPhase section */
		D7C4A6ED280B89EB0093F764 /* Frameworks */ = {
			isa = PBXFrameworksBuildPhase;
			buildActionMask = 2147483647;
			files = (
			);
			runOnlyForDeploymentPostprocessing = 0;
		};
/* End PBXFrameworksBuildPhase section */

/* Begin PBXGroup section */
		D7C4A6E7280B89EB0093F764 = {
			isa = PBXGroup;
			children = (
				D7C4A6F2280B89EB0093F764 /* TodoListSwiftUI */,
				D7C4A6F1280B89EB0093F764 /* Products */,
			);
			sourceTree = "<group>";
		};
		D7C4A6F1280B89EB0093F764 /* Products */ = {
			isa = PBXGroup;
			children = (
				D7C4A6F0280B89EB0093F764 /* TodoListSwiftUI.app */,
			);
			name = Products;
			sourceTree = "<group>";
		};
		D7C4A6F2280B89EB0093F764 /* TodoListSwiftUI */ = {
			isa = PBXGroup;
			children = (
				D7C4A6F3280B89EB0093F764 /* TodoListSwiftUIApp.swift */,
				D7C4A6F5280B89EB0093F764 /* ContentView.swift */,
				D7C5D4D4280F748800C0104B /* Views */,
				D7C5D4C9280F642F00C0104B /* Models */,
				D7C4A6F7280B89EC0093F764 /* Assets.xcassets */,
				D7C4A6FC280B89EC0093F764 /* Persistence.swift */,
				D7C4A6F9280B89EC0093F764 /* Preview Content */,
			);
			path = TodoListSwiftUI;
			sourceTree = "<group>";
		};
		D7C4A6F9280B89EC0093F764 /* Preview Content */ = {
			isa = PBXGroup;
			children = (
				D7C4A6FA280B89EC0093F764 /* Preview Assets.xcassets */,
			);
			path = "Preview Content";
			sourceTree = "<group>";
		};
		D7C5D4C9280F642F00C0104B /* Models */ = {
			isa = PBXGroup;
			children = (
				D7C5D4C7280E339E00C0104B /* Priorities.swift */,
				D7C4A6FE280B89EC0093F764 /* TodoListSwiftUI.xcdatamodeld */,
			);
			path = Models;
			sourceTree = "<group>";
		};
		D7C5D4D4280F748800C0104B /* Views */ = {
			isa = PBXGroup;
			children = (
				D7C5D4D5280F877600C0104B /* Cell */,
				D7C4A706280B8D800093F764 /* NewTaskView.swift */,
				D7C4A727280CAA940093F764 /* EditTaskView.swift */,
			);
			path = Views;
			sourceTree = "<group>";
		};
		D7C5D4D5280F877600C0104B /* Cell */ = {
			isa = PBXGroup;
			children = (
				D7C5D4D0280F6DDE00C0104B /* TaskCell.swift */,
				D7C5D4D2280F727A00C0104B /* TaskDoneCell.swift */,
			);
			path = Cell;
			sourceTree = "<group>";
		};
/* End PBXGroup section */

/* Begin PBXNativeTarget section */
		D7C4A6EF280B89EB0093F764 /* TodoListSwiftUI */ = {
			isa = PBXNativeTarget;
			buildConfigurationList = D7C4A703280B89EC0093F764 /* Build configuration list for PBXNativeTarget "TodoListSwiftUI" */;
			buildPhases = (
				D7C4A6EC280B89EB0093F764 /* Sources */,
				D7C4A6ED280B89EB0093F764 /* Frameworks */,
				D7C4A6EE280B89EB0093F764 /* Resources */,
			);
			buildRules = (
			);
			dependencies = (
			);
			name = TodoListSwiftUI;
			productName = TodoListSwiftUI;
			productReference = D7C4A6F0280B89EB0093F764 /* TodoListSwiftUI.app */;
			productType = "com.apple.product-type.application";
		};
/* End PBXNativeTarget section */

/* Begin PBXProject section */
		D7C4A6E8280B89EB0093F764 /* Project object */ = {
			isa = PBXProject;
			attributes = {
				BuildIndependentTargetsInParallel = 1;
				LastSwiftUpdateCheck = 1310;
				LastUpgradeCheck = 1310;
				TargetAttributes = {
					D7C4A6EF280B89EB0093F764 = {
						CreatedOnToolsVersion = 13.1;
					};
				};
			};
			buildConfigurationList = D7C4A6EB280B89EB0093F764 /* Build configuration list for PBXProject "TodoListSwiftUI" */;
			compatibilityVersion = "Xcode 13.0";
			developmentRegion = en;
			hasScannedForEncodings = 0;
			knownRegions = (
				en,
				Base,
			);
			mainGroup = D7C4A6E7280B89EB0093F764;
			productRefGroup = D7C4A6F1280B89EB0093F764 /* Products */;
			projectDirPath = "";
			projectRoot = "";
			targets = (
				D7C4A6EF280B89EB0093F764 /* TodoListSwiftUI */,
			);
		};
/* End PBXProject section */

/* Begin PBXResourcesBuildPhase section */
		D7C4A6EE280B89EB0093F764 /* Resources */ = {
			isa = PBXResourcesBuildPhase;
			buildActionMask = 2147483647;
			files = (
				D7C4A6FB280B89EC0093F764 /* Preview Assets.xcassets in Resources */,
				D7C4A6F8280B89EC0093F764 /* Assets.xcassets in Resources */,
			);
			runOnlyForDeploymentPostprocessing = 0;
		};
/* End PBXResourcesBuildPhase section */

/* Begin PBXSourcesBuildPhase section */
		D7C4A6EC280B89EB0093F764 /* Sources */ = {
			isa = PBXSourcesBuildPhase;
			buildActionMask = 2147483647;
			files = (
				D7C5D4C8280E339E00C0104B /* Priorities.swift in Sources */,
				D7C4A6FD280B89EC0093F764 /* Persistence.swift in Sources */,
				D7C4A707280B8D800093F764 /* NewTaskView.swift in Sources */,
				D7C4A700280B89EC0093F764 /* TodoListSwiftUI.xcdatamodeld in Sources */,
				D7C4A728280CAA940093F764 /* EditTaskView.swift in Sources */,
				D7C4A6F6280B89EB0093F764 /* ContentView.swift in Sources */,
				D7C4A6F4280B89EB0093F764 /* TodoListSwiftUIApp.swift in Sources */,
				D7C5D4D3280F727A00C0104B /* TaskDoneCell.swift in Sources */,
				D7C5D4D1280F6DDE00C0104B /* TaskCell.swift in Sources */,
			);
			runOnlyForDeploymentPostprocessing = 0;
		};
/* End PBXSourcesBuildPhase section */

/* Begin XCBuildConfiguration section */
		D7C4A701280B89EC0093F764 /* Debug */ = {
			isa = XCBuildConfiguration;
			buildSettings = {
				ALWAYS_SEARCH_USER_PATHS = NO;
				CLANG_ANALYZER_NONNULL = YES;
				CLANG_ANALYZER_NUMBER_OBJECT_CONVERSION = YES_AGGRESSIVE;
				CLANG_CXX_LANGUAGE_STANDARD = "gnu++17";
				CLANG_CXX_LIBRARY = "libc++";
				CLANG_ENABLE_MODULES = YES;
				CLANG_ENABLE_OBJC_ARC = YES;
				CLANG_ENABLE_OBJC_WEAK = YES;
				CLANG_WARN_BLOCK_CAPTURE_AUTORELEASING = YES;
				CLANG_WARN_BOOL_CONVERSION = YES;
				CLANG_WARN_COMMA = YES;
				CLANG_WARN_CONSTANT_CONVERSION = YES;
				CLANG_WARN_DEPRECATED_OBJC_IMPLEMENTATIONS = YES;
				CLANG_WARN_DIRECT_OBJC_ISA_USAGE = YES_ERROR;
				CLANG_WARN_DOCUMENTATION_COMMENTS = YES;
				CLANG_WARN_EMPTY_BODY = YES;
				CLANG_WARN_ENUM_CONVERSION = YES;
				CLANG_WARN_INFINITE_RECURSION = YES;
				CLANG_WARN_INT_CONVERSION = YES;
				CLANG_WARN_NON_LITERAL_NULL_CONVERSION = YES;
				CLANG_WARN_OBJC_IMPLICIT_RETAIN_SELF = YES;
				CLANG_WARN_OBJC_LITERAL_CONVERSION = YES;
				CLANG_WARN_OBJC_ROOT_CLASS = YES_ERROR;
				CLANG_WARN_QUOTED_INCLUDE_IN_FRAMEWORK_HEADER = YES;
				CLANG_WARN_RANGE_LOOP_ANALYSIS = YES;
				CLANG_WARN_STRICT_PROTOTYPES = YES;
				CLANG_WARN_SUSPICIOUS_MOVE = YES;
				CLANG_WARN_UNGUARDED_AVAILABILITY = YES_AGGRESSIVE;
				CLANG_WARN_UNREACHABLE_CODE = YES;
				CLANG_WARN__DUPLICATE_METHOD_MATCH = YES;
				COPY_PHASE_STRIP = NO;
				DEBUG_INFORMATION_FORMAT = dwarf;
				ENABLE_STRICT_OBJC_MSGSEND = YES;
				ENABLE_TESTABILITY = YES;
				GCC_C_LANGUAGE_STANDARD = gnu11;
				GCC_DYNAMIC_NO_PIC = NO;
				GCC_NO_COMMON_BLOCKS = YES;
				GCC_OPTIMIZATION_LEVEL = 0;
				GCC_PREPROCESSOR_DEFINITIONS = (
					"DEBUG=1",
					"$(inherited)",
				);
				GCC_WARN_64_TO_32_BIT_CONVERSION = YES;
				GCC_WARN_ABOUT_RETURN_TYPE = YES_ERROR;
				GCC_WARN_UNDECLARED_SELECTOR = YES;
				GCC_WARN_UNINITIALIZED_AUTOS = YES_AGGRESSIVE;
				GCC_WARN_UNUSED_FUNCTION = YES;
				GCC_WARN_UNUSED_VARIABLE = YES;
				IPHONEOS_DEPLOYMENT_TARGET = 15.0;
				MTL_ENABLE_DEBUG_INFO = INCLUDE_SOURCE;
				MTL_FAST_MATH = YES;
				ONLY_ACTIVE_ARCH = YES;
				SDKROOT = iphoneos;
				SWIFT_ACTIVE_COMPILATION_CONDITIONS = DEBUG;
				SWIFT_OPTIMIZATION_LEVEL = "-Onone";
			};
			name = Debug;
		};
		D7C4A702280B89EC0093F764 /* Release */ = {
			isa = XCBuildConfiguration;
			buildSettings = {
				ALWAYS_SEARCH_USER_PATHS = NO;
				CLANG_ANALYZER_NONNULL = YES;
				CLANG_ANALYZER_NUMBER_OBJECT_CONVERSION = YES_AGGRESSIVE;
				CLANG_CXX_LANGUAGE_STANDARD = "gnu++17";
				CLANG_CXX_LIBRARY = "libc++";
				CLANG_ENABLE_MODULES = YES;
				CLANG_ENABLE_OBJC_ARC = YES;
				CLANG_ENABLE_OBJC_WEAK = YES;
				CLANG_WARN_BLOCK_CAPTURE_AUTORELEASING = YES;
				CLANG_WARN_BOOL_CONVERSION = YES;
				CLANG_WARN_COMMA = YES;
				CLANG_WARN_CONSTANT_CONVERSION = YES;
				CLANG_WARN_DEPRECATED_OBJC_IMPLEMENTATIONS = YES;
				CLANG_WARN_DIRECT_OBJC_ISA_USAGE = YES_ERROR;
				CLANG_WARN_DOCUMENTATION_COMMENTS = YES;
				CLANG_WARN_EMPTY_BODY = YES;
				CLANG_WARN_ENUM_CONVERSION = YES;
				CLANG_WARN_INFINITE_RECURSION = YES;
				CLANG_WARN_INT_CONVERSION = YES;
				CLANG_WARN_NON_LITERAL_NULL_CONVERSION = YES;
				CLANG_WARN_OBJC_IMPLICIT_RETAIN_SELF = YES;
				CLANG_WARN_OBJC_LITERAL_CONVERSION = YES;
				CLANG_WARN_OBJC_ROOT_CLASS = YES_ERROR;
				CLANG_WARN_QUOTED_INCLUDE_IN_FRAMEWORK_HEADER = YES;
				CLANG_WARN_RANGE_LOOP_ANALYSIS = YES;
				CLANG_WARN_STRICT_PROTOTYPES = YES;
				CLANG_WARN_SUSPICIOUS_MOVE = YES;
				CLANG_WARN_UNGUARDED_AVAILABILITY = YES_AGGRESSIVE;
				CLANG_WARN_UNREACHABLE_CODE = YES;
				CLANG_WARN__DUPLICATE_METHOD_MATCH = YES;
				COPY_PHASE_STRIP = NO;
				DEBUG_INFORMATION_FORMAT = "dwarf-with-dsym";
				ENABLE_NS_ASSERTIONS = NO;
				ENABLE_STRICT_OBJC_MSGSEND = YES;
				GCC_C_LANGUAGE_STANDARD = gnu11;
				GCC_NO_COMMON_BLOCKS = YES;
				GCC_WARN_64_TO_32_BIT_CONVERSION = YES;
				GCC_WARN_ABOUT_RETURN_TYPE = YES_ERROR;
				GCC_WARN_UNDECLARED_SELECTOR = YES;
				GCC_WARN_UNINITIALIZED_AUTOS = YES_AGGRESSIVE;
				GCC_WARN_UNUSED_FUNCTION = YES;
				GCC_WARN_UNUSED_VARIABLE = YES;
				IPHONEOS_DEPLOYMENT_TARGET = 15.0;
				MTL_ENABLE_DEBUG_INFO = NO;
				MTL_FAST_MATH = YES;
				SDKROOT = iphoneos;
				SWIFT_COMPILATION_MODE = wholemodule;
				SWIFT_OPTIMIZATION_LEVEL = "-O";
				VALIDATE_PRODUCT = YES;
			};
			name = Release;
		};
		D7C4A704280B89EC0093F764 /* Debug */ = {
			isa = XCBuildConfiguration;
			buildSettings = {
				ASSETCATALOG_COMPILER_APPICON_NAME = AppIcon;
				ASSETCATALOG_COMPILER_GLOBAL_ACCENT_COLOR_NAME = AccentColor;
				CODE_SIGN_STYLE = Automatic;
				CURRENT_PROJECT_VERSION = 1;
				DEVELOPMENT_ASSET_PATHS = "\"TodoListSwiftUI/Preview Content\"";
				DEVELOPMENT_TEAM = DLL64G6ZHA;
				ENABLE_PREVIEWS = YES;
				GENERATE_INFOPLIST_FILE = YES;
				INFOPLIST_KEY_UIApplicationSceneManifest_Generation = YES;
				INFOPLIST_KEY_UIApplicationSupportsIndirectInputEvents = YES;
				INFOPLIST_KEY_UILaunchScreen_Generation = YES;
				INFOPLIST_KEY_UISupportedInterfaceOrientations_iPad = "UIInterfaceOrientationPortrait UIInterfaceOrientationPortraitUpsideDown UIInterfaceOrientationLandscapeLeft UIInterfaceOrientationLandscapeRight";
				INFOPLIST_KEY_UISupportedInterfaceOrientations_iPhone = "UIInterfaceOrientationPortrait UIInterfaceOrientationLandscapeLeft UIInterfaceOrientationLandscapeRight";
				LD_RUNPATH_SEARCH_PATHS = (
					"$(inherited)",
					"@executable_path/Frameworks",
				);
				MARKETING_VERSION = 1.0;
				PRODUCT_BUNDLE_IDENTIFIER = Personal.TodoListSwiftUI;
				PRODUCT_NAME = "$(TARGET_NAME)";
				SWIFT_EMIT_LOC_STRINGS = YES;
				SWIFT_VERSION = 5.0;
				TARGETED_DEVICE_FAMILY = "1,2";
			};
			name = Debug;
		};
		D7C4A705280B89EC0093F764 /* Release */ = {
			isa = XCBuildConfiguration;
			buildSettings = {
				ASSETCATALOG_COMPILER_APPICON_NAME = AppIcon;
				ASSETCATALOG_COMPILER_GLOBAL_ACCENT_COLOR_NAME = AccentColor;
				CODE_SIGN_STYLE = Automatic;
				CURRENT_PROJECT_VERSION = 1;
				DEVELOPMENT_ASSET_PATHS = "\"TodoListSwiftUI/Preview Content\"";
				DEVELOPMENT_TEAM = DLL64G6ZHA;
				ENABLE_PREVIEWS = YES;
				GENERATE_INFOPLIST_FILE = YES;
				INFOPLIST_KEY_UIApplicationSceneManifest_Generation = YES;
				INFOPLIST_KEY_UIApplicationSupportsIndirectInputEvents = YES;
				INFOPLIST_KEY_UILaunchScreen_Generation = YES;
				INFOPLIST_KEY_UISupportedInterfaceOrientations_iPad = "UIInterfaceOrientationPortrait UIInterfaceOrientationPortraitUpsideDown UIInterfaceOrientationLandscapeLeft UIInterfaceOrientationLandscapeRight";
				INFOPLIST_KEY_UISupportedInterfaceOrientations_iPhone = "UIInterfaceOrientationPortrait UIInterfaceOrientationLandscapeLeft UIInterfaceOrientationLandscapeRight";
				LD_RUNPATH_SEARCH_PATHS = (
					"$(inherited)",
					"@executable_path/Frameworks",
				);
				MARKETING_VERSION = 1.0;
				PRODUCT_BUNDLE_IDENTIFIER = Personal.TodoListSwiftUI;
				PRODUCT_NAME = "$(TARGET_NAME)";
				SWIFT_EMIT_LOC_STRINGS = YES;
				SWIFT_VERSION = 5.0;
				TARGETED_DEVICE_FAMILY = "1,2";
			};
			name = Release;
		};
/* End XCBuildConfiguration section */

/* Begin XCConfigurationList section */
		D7C4A6EB280B89EB0093F764 /* Build configuration list for PBXProject "TodoListSwiftUI" */ = {
			isa = XCConfigurationList;
			buildConfigurations = (
				D7C4A701280B89EC0093F764 /* Debug */,
				D7C4A702280B89EC0093F764 /* Release */,
			);
			defaultConfigurationIsVisible = 0;
			defaultConfigurationName = Release;
		};
		D7C4A703280B89EC0093F764 /* Build configuration list for PBXNativeTarget "TodoListSwiftUI" */ = {
			isa = XCConfigurationList;
			buildConfigurations = (
				D7C4A704280B89EC0093F764 /* Debug */,
				D7C4A705280B89EC0093F764 /* Release */,
			);
			defaultConfigurationIsVisible = 0;
			defaultConfigurationName = Release;
		};
/* End XCConfigurationList section */

/* Begin XCVersionGroup section */
		D7C4A6FE280B89EC0093F764 /* TodoListSwiftUI.xcdatamodeld */ = {
			isa = XCVersionGroup;
			children = (
				D7C4A6FF280B89EC0093F764 /* TodoListSwiftUI.xcdatamodel */,
			);
			currentVersion = D7C4A6FF280B89EC0093F764 /* TodoListSwiftUI.xcdatamodel */;
			path = TodoListSwiftUI.xcdatamodeld;
			sourceTree = "<group>";
			versionGroupType = wrapper.xcdatamodel;
		};
/* End XCVersionGroup section */
	};
	rootObject = D7C4A6E8280B89EB0093F764 /* Project object */;
}
